
Microsoft Visual Studio Solution File, Format Version 12.00
# Visual Studio Version 17
VisualStudioVersion = 17.9.34728.123
MinimumVisualStudioVersion = 10.0.40219.1
Project("{FAE04EC0-301F-11D3-BF4B-00C04F79EFBC}") = "PetsRUs", "PetsRUs\PetsRUs.csproj", "{A6519858-6BCB-4F82-BD93-6ABDD9C3EF90}"
EndProject
Global
	GlobalSection(SolutionConfigurationPlatforms) = preSolution
		Debug|Any CPU = Debug|Any CPU
		Release|Any CPU = Release|Any CPU
	EndGlobalSection
	GlobalSection(ProjectConfigurationPlatforms) = postSolution
		{A6519858-6BCB-4F82-BD93-6ABDD9C3EF90}.Debug|Any CPU.ActiveCfg = Debug|Any CPU
		{A6519858-6BCB-4F82-BD93-6ABDD9C3EF90}.Debug|Any CPU.Build.0 = Debug|Any CPU
		{A6519858-6BCB-4F82-BD93-6ABDD9C3EF90}.Release|Any CPU.ActiveCfg = Release|Any CPU
		{A6519858-6BCB-4F82-BD93-6ABDD9C3EF90}.Release|Any CPU.Build.0 = Release|Any CPU
	EndGlobalSection
	GlobalSection(SolutionProperties) = preSolution
		HideSolutionNode = FALSE
	EndGlobalSection
	GlobalSection(ExtensibilityGlobals) = postSolution
		SolutionGuid = {25149881-0B6F-42F9-82D6-B64BE3BDBF54}
	EndGlobalSection
EndGlobal
